
Microsoft Visual Studio Solution File, Format Version 10.00
# Visual Studio 2008
Project("{8BC9CEB8-8B4A-11D0-8D11-00A0C91BC942}") = "DICTrafficLights", "DICTrafficLights\DICTrafficLights.vcproj", "{BAFF80B9-AC3A-45D7-9E6E-F9FDF7376527}"
EndProject
Global
	GlobalSection(SolutionConfigurationPlatforms) = preSolution
		Debug|Win32 = Debug|Win32
		Release|Win32 = Release|Win32
	EndGlobalSection
	GlobalSection(ProjectConfigurationPlatforms) = postSolution
		{BAFF80B9-AC3A-45D7-9E6E-F9FDF7376527}.Debug|Win32.ActiveCfg = Debug|Win32
		{BAFF80B9-AC3A-45D7-9E6E-F9FDF7376527}.Debug|Win32.Build.0 = Debug|Win32
		{BAFF80B9-AC3A-45D7-9E6E-F9FDF7376527}.Release|Win32.ActiveCfg = Release|Win32
		{BAFF80B9-AC3A-45D7-9E6E-F9FDF7376527}.Release|Win32.Build.0 = Release|Win32
	EndGlobalSection
	GlobalSection(SolutionProperties) = preSolution
		HideSolutionNode = FALSE
	EndGlobalSection
EndGlobal
